{
  "name": "TypeScript",
  "lockfileVersion": 2,
  "requires": true,
  "packages": {
    "": {
      "dependencies": {
        "@datastructures-js/priority-queue": "^6.0.0"
      },
      "devDependencies": {
        "@types/node": "^17.0.31"
      }
    },
    "node_modules/@datastructures-js/heap": {
      "version": "4.0.2",
      "resolved": "https://registry.npmjs.org/@datastructures-js/heap/-/heap-4.0.2.tgz",
      "integrity": "sha512-QU51CpDbn/Ctfv9/RbIeOXZ5jH9S/SWllIRmdUNCEYjwTeop1wlmkA4r0/ecVSdjE0yuyvmXI7ea1QKqKNGimg=="
    },
    "node_modules/@datastructures-js/priority-queue": {
      "version": "6.0.0",
      "resolved": "https://registry.npmjs.org/@datastructures-js/priority-queue/-/priority-queue-6.0.0.tgz",
      "integrity": "sha512-YrqU+iUjbFNtLmgs3aTjcvuqC9wyJxhc6tcbQiDiiq3ZyEdfbl2vyLOW+SY+ogrc90ld8L1vE+4LpFCdlZAhjw==",
      "dependencies": {
        "@datastructures-js/heap": "^4.0.2"
      }
    },
    "node_modules/@types/node": {
      "version": "17.0.31",
      "resolved": "https://registry.npmjs.org/@types/node/-/node-17.0.31.tgz",
      "integrity": "sha512-AR0x5HbXGqkEx9CadRH3EBYx/VkiUgZIhP4wvPn/+5KIsgpNoyFaRlVe0Zlx9gRtg8fA06a9tskE2MSN7TcG4Q==",
      "dev": true
    }
  },
  "dependencies": {
    "@datastructures-js/heap": {
      "version": "4.0.2",
      "resolved": "https://registry.npmjs.org/@datastructures-js/heap/-/heap-4.0.2.tgz",
      "integrity": "sha512-QU51CpDbn/Ctfv9/RbIeOXZ5jH9S/SWllIRmdUNCEYjwTeop1wlmkA4r0/ecVSdjE0yuyvmXI7ea1QKqKNGimg=="
    },
    "@datastructures-js/priority-queue": {
      "version": "6.0.0",
      "resolved": "https://registry.npmjs.org/@datastructures-js/priority-queue/-/priority-queue-6.0.0.tgz",
      "integrity": "sha512-YrqU+iUjbFNtLmgs3aTjcvuqC9wyJxhc6tcbQiDiiq3ZyEdfbl2vyLOW+SY+ogrc90ld8L1vE+4LpFCdlZAhjw==",
      "requires": {
        "@datastructures-js/heap": "^4.0.2"
      }
    },
    "@types/node": {
      "version": "17.0.31",
      "resolved": "https://registry.npmjs.org/@types/node/-/node-17.0.31.tgz",
      "integrity": "sha512-AR0x5HbXGqkEx9CadRH3EBYx/VkiUgZIhP4wvPn/+5KIsgpNoyFaRlVe0Zlx9gRtg8fA06a9tskE2MSN7TcG4Q==",
      "dev": true
    }
  }
}
