{
  "requires": true,
  "lockfileVersion": 1,
  "dependencies": {
    "@types/node": {
      "version": "17.0.3",
      "resolved": "https://registry.npmjs.org/@types/node/-/node-17.0.3.tgz",
      "integrity": "sha512-bAKB1GcA28FR/D8HHQ5U4FYk7nvoZdp7TZSy9oIyQ8gpYCzpeESa3LCK2TbeocXic7GwIXCkCItJg0DttO3ZaQ==",
      "dev": true
    }
  }
}
