{
  "requires": true,
  "lockfileVersion": 1,
  "dependencies": {
    "@types/node": {
      "version": "16.4.5",
      "resolved": "https://registry.npmjs.org/@types/node/-/node-16.4.5.tgz",
      "integrity": "sha512-+0GPv/hIFNoy8r5MFf7vRpBjnqNYNrlHdetoy23E7TYc7JB2ctwyi3GMKpviozaHQ/Sy2kBNUTvG9ywN66zV1g==",
      "dev": true
    }
  }
}
