{
  "name": "TypeScript",
  "lockfileVersion": 2,
  "requires": true,
  "packages": {
    "": {
      "dependencies": {
        "@datastructures-js/priority-queue": "^6.1.0"
      }
    },
    "node_modules/@datastructures-js/heap": {
      "version": "4.1.0",
      "resolved": "https://registry.npmjs.org/@datastructures-js/heap/-/heap-4.1.0.tgz",
      "integrity": "sha512-PFKWpDhd1BEdKw2FErddES8bLT6R2/FiivT42eByshG+9vNUpsGuOr7tsKcqRo1S3XyfBnQT711HVQt2k6xRQw=="
    },
    "node_modules/@datastructures-js/priority-queue": {
      "version": "6.1.0",
      "resolved": "https://registry.npmjs.org/@datastructures-js/priority-queue/-/priority-queue-6.1.0.tgz",
      "integrity": "sha512-Rex74C6ZmBmYkQR96pWKAornfIUQ48Sgaz8Qk5BZHYDZRfiLQL1F4siNF/CW9FTUbwhHyeaHcTYM5hL++6z1PA==",
      "dependencies": {
        "@datastructures-js/heap": "^4.0.2"
      }
    }
  },
  "dependencies": {
    "@datastructures-js/heap": {
      "version": "4.1.0",
      "resolved": "https://registry.npmjs.org/@datastructures-js/heap/-/heap-4.1.0.tgz",
      "integrity": "sha512-PFKWpDhd1BEdKw2FErddES8bLT6R2/FiivT42eByshG+9vNUpsGuOr7tsKcqRo1S3XyfBnQT711HVQt2k6xRQw=="
    },
    "@datastructures-js/priority-queue": {
      "version": "6.1.0",
      "resolved": "https://registry.npmjs.org/@datastructures-js/priority-queue/-/priority-queue-6.1.0.tgz",
      "integrity": "sha512-Rex74C6ZmBmYkQR96pWKAornfIUQ48Sgaz8Qk5BZHYDZRfiLQL1F4siNF/CW9FTUbwhHyeaHcTYM5hL++6z1PA==",
      "requires": {
        "@datastructures-js/heap": "^4.0.2"
      }
    }
  }
}
