{
  "requires": true,
  "lockfileVersion": 1,
  "dependencies": {
    "@types/node": {
      "version": "16.10.9",
      "resolved": "https://registry.npmjs.org/@types/node/-/node-16.10.9.tgz",
      "integrity": "sha512-H9ReOt+yqIJPCutkTYjFjlyK6WEMQYT9hLZMlWtOjFQY2ItppsWZ6RJf8Aw+jz5qTYceuHvFgPIaKOHtLAEWBw==",
      "dev": true
    }
  }
}
