{
  "requires": true,
  "lockfileVersion": 1,
  "dependencies": {
    "@types/node": {
      "version": "16.4.6",
      "resolved": "https://registry.npmjs.org/@types/node/-/node-16.4.6.tgz",
      "integrity": "sha512-FKyawK3o5KL16AwbeFajen8G4K3mmqUrQsehn5wNKs8IzlKHE8TfnSmILXVMVziAEcnB23u1RCFU1NT6hSyr7Q==",
      "dev": true
    }
  }
}
